
Microsoft Visual Studio Solution File, Format Version 12.00
# Visual Studio 15
VisualStudioVersion = 15.0.28010.2041
MinimumVisualStudioVersion = 10.0.40219.1
Project("{FAE04EC0-301F-11D3-BF4B-00C04F79EFBC}") = "WebSearcher", "WebSearcher\WebSearcher.csproj", "{54FD9F44-B1D1-4CDC-8699-B82E6B794B70}"
EndProject
Project("{FAE04EC0-301F-11D3-BF4B-00C04F79EFBC}") = "WebSearchConsole", "WebSearchConsole\WebSearchConsole.csproj", "{9FE028AC-1B2C-4883-84A6-01F6AFFE946B}"
EndProject
Project("{FAE04EC0-301F-11D3-BF4B-00C04F79EFBC}") = "WebSearchWPF", "WebSearchWPF\WebSearchWPF.csproj", "{5F5CC88B-0D18-4636-AA8D-7F5C9C2A1BFC}"
EndProject
Project("{FAE04EC0-301F-11D3-BF4B-00C04F79EFBC}") = "WebSearchWithCancel", "WebSearchWithCancel\WebSearchWithCancel.csproj", "{3F62B4E1-D0BD-4171-998C-477A00F786CA}"
EndProject
Project("{FAE04EC0-301F-11D3-BF4B-00C04F79EFBC}") = "WebSearchWithCancelWPF", "WebSearchWithCancelWPF\WebSearchWithCancelWPF.csproj", "{5B6AFA7C-F47C-4DC2-88CD-CB167A3C3DB5}"
EndProject
Global
	GlobalSection(SolutionConfigurationPlatforms) = preSolution
		Debug|Any CPU = Debug|Any CPU
		Release|Any CPU = Release|Any CPU
	EndGlobalSection
	GlobalSection(ProjectConfigurationPlatforms) = postSolution
		{54FD9F44-B1D1-4CDC-8699-B82E6B794B70}.Debug|Any CPU.ActiveCfg = Debug|Any CPU
		{54FD9F44-B1D1-4CDC-8699-B82E6B794B70}.Debug|Any CPU.Build.0 = Debug|Any CPU
		{54FD9F44-B1D1-4CDC-8699-B82E6B794B70}.Release|Any CPU.ActiveCfg = Release|Any CPU
		{54FD9F44-B1D1-4CDC-8699-B82E6B794B70}.Release|Any CPU.Build.0 = Release|Any CPU
		{9FE028AC-1B2C-4883-84A6-01F6AFFE946B}.Debug|Any CPU.ActiveCfg = Debug|Any CPU
		{9FE028AC-1B2C-4883-84A6-01F6AFFE946B}.Debug|Any CPU.Build.0 = Debug|Any CPU
		{9FE028AC-1B2C-4883-84A6-01F6AFFE946B}.Release|Any CPU.ActiveCfg = Release|Any CPU
		{9FE028AC-1B2C-4883-84A6-01F6AFFE946B}.Release|Any CPU.Build.0 = Release|Any CPU
		{5F5CC88B-0D18-4636-AA8D-7F5C9C2A1BFC}.Debug|Any CPU.ActiveCfg = Debug|Any CPU
		{5F5CC88B-0D18-4636-AA8D-7F5C9C2A1BFC}.Debug|Any CPU.Build.0 = Debug|Any CPU
		{5F5CC88B-0D18-4636-AA8D-7F5C9C2A1BFC}.Release|Any CPU.ActiveCfg = Release|Any CPU
		{5F5CC88B-0D18-4636-AA8D-7F5C9C2A1BFC}.Release|Any CPU.Build.0 = Release|Any CPU
		{3F62B4E1-D0BD-4171-998C-477A00F786CA}.Debug|Any CPU.ActiveCfg = Debug|Any CPU
		{3F62B4E1-D0BD-4171-998C-477A00F786CA}.Debug|Any CPU.Build.0 = Debug|Any CPU
		{3F62B4E1-D0BD-4171-998C-477A00F786CA}.Release|Any CPU.ActiveCfg = Release|Any CPU
		{3F62B4E1-D0BD-4171-998C-477A00F786CA}.Release|Any CPU.Build.0 = Release|Any CPU
		{5B6AFA7C-F47C-4DC2-88CD-CB167A3C3DB5}.Debug|Any CPU.ActiveCfg = Debug|Any CPU
		{5B6AFA7C-F47C-4DC2-88CD-CB167A3C3DB5}.Debug|Any CPU.Build.0 = Debug|Any CPU
		{5B6AFA7C-F47C-4DC2-88CD-CB167A3C3DB5}.Release|Any CPU.ActiveCfg = Release|Any CPU
		{5B6AFA7C-F47C-4DC2-88CD-CB167A3C3DB5}.Release|Any CPU.Build.0 = Release|Any CPU
	EndGlobalSection
	GlobalSection(SolutionProperties) = preSolution
		HideSolutionNode = FALSE
	EndGlobalSection
	GlobalSection(ExtensibilityGlobals) = postSolution
		SolutionGuid = {B734FF36-2B52-4BC8-9650-0FEEE4B154D5}
	EndGlobalSection
EndGlobal
