
Microsoft Visual Studio Solution File, Format Version 12.00
# Visual Studio 15
VisualStudioVersion = 15.0.28010.2041
MinimumVisualStudioVersion = 10.0.40219.1
Project("{FAE04EC0-301F-11D3-BF4B-00C04F79EFBC}") = "Exam-2018-11-15", "Exam-2018-11-15\Exam-2018-11-15.csproj", "{8D23D658-6614-46BE-84CC-2BAF5BBD65AB}"
EndProject
Global
	GlobalSection(SolutionConfigurationPlatforms) = preSolution
		Debug|Any CPU = Debug|Any CPU
		Release|Any CPU = Release|Any CPU
	EndGlobalSection
	GlobalSection(ProjectConfigurationPlatforms) = postSolution
		{8D23D658-6614-46BE-84CC-2BAF5BBD65AB}.Debug|Any CPU.ActiveCfg = Debug|Any CPU
		{8D23D658-6614-46BE-84CC-2BAF5BBD65AB}.Debug|Any CPU.Build.0 = Debug|Any CPU
		{8D23D658-6614-46BE-84CC-2BAF5BBD65AB}.Release|Any CPU.ActiveCfg = Release|Any CPU
		{8D23D658-6614-46BE-84CC-2BAF5BBD65AB}.Release|Any CPU.Build.0 = Release|Any CPU
	EndGlobalSection
	GlobalSection(SolutionProperties) = preSolution
		HideSolutionNode = FALSE
	EndGlobalSection
	GlobalSection(ExtensibilityGlobals) = postSolution
		SolutionGuid = {918A7ED3-916E-404C-B807-D64FB31A6529}
	EndGlobalSection
EndGlobal
